
Microsoft Visual Studio Solution File, Format Version 12.00
# Visual Studio Version 17
VisualStudioVersion = 17.14.36930.0
MinimumVisualStudioVersion = 10.0.40219.1
Project("{E24C65DC-7377-472B-9ABA-BC803B73C61A}") = "WS.Autenticador", "WS.Autenticador\", "{5BEDDDA7-BAA1-214A-518F-34D51820BF79}"
	ProjectSection(WebsiteProperties) = preProject
		TargetFrameworkMoniker = ".NETFramework,Version%3Dv4.8"
		ProjectReferences = "{c8190857-f2af-447f-aa4e-5e005f1ea2c1}|WS.DataAccess.dll;{235327E1-4585-490D-A561-9BD34CC79F47}|WS.Entities.dll;"
		Debug.AspNetCompiler.VirtualPath = "/localhost_61471"
		Debug.AspNetCompiler.PhysicalPath = "WS.Autenticador\"
		Debug.AspNetCompiler.TargetPath = "PrecompiledWeb\localhost_61471\"
		Debug.AspNetCompiler.Updateable = "true"
		Debug.AspNetCompiler.ForceOverwrite = "true"
		Debug.AspNetCompiler.FixedNames = "false"
		Debug.AspNetCompiler.Debug = "True"
		Release.AspNetCompiler.VirtualPath = "/localhost_61471"
		Release.AspNetCompiler.PhysicalPath = "WS.Autenticador\"
		Release.AspNetCompiler.TargetPath = "PrecompiledWeb\localhost_61471\"
		Release.AspNetCompiler.Updateable = "true"
		Release.AspNetCompiler.ForceOverwrite = "true"
		Release.AspNetCompiler.FixedNames = "false"
		Release.AspNetCompiler.Debug = "False"
		VWDPort = "61471"
		SlnRelativePath = "WS.Autenticador\"
		DefaultWebSiteLanguage = "Visual C#"
	EndProjectSection
EndProject
Project("{FAE04EC0-301F-11D3-BF4B-00C04F79EFBC}") = "WS.Entities", "WS.Entities\WS.Entities.csproj", "{235327E1-4585-490D-A561-9BD34CC79F47}"
EndProject
Project("{FAE04EC0-301F-11D3-BF4B-00C04F79EFBC}") = "WS.DataAccess", "WS.Data\WS.DataAccess.csproj", "{C8190857-F2AF-447F-AA4E-5E005F1EA2C1}"
EndProject
Global
	GlobalSection(SolutionConfigurationPlatforms) = preSolution
		Debug|Any CPU = Debug|Any CPU
		Release|Any CPU = Release|Any CPU
	EndGlobalSection
	GlobalSection(ProjectConfigurationPlatforms) = postSolution
		{5BEDDDA7-BAA1-214A-518F-34D51820BF79}.Debug|Any CPU.ActiveCfg = Debug|Any CPU
		{5BEDDDA7-BAA1-214A-518F-34D51820BF79}.Debug|Any CPU.Build.0 = Debug|Any CPU
		{5BEDDDA7-BAA1-214A-518F-34D51820BF79}.Release|Any CPU.ActiveCfg = Debug|Any CPU
		{5BEDDDA7-BAA1-214A-518F-34D51820BF79}.Release|Any CPU.Build.0 = Debug|Any CPU
		{235327E1-4585-490D-A561-9BD34CC79F47}.Debug|Any CPU.ActiveCfg = Debug|Any CPU
		{235327E1-4585-490D-A561-9BD34CC79F47}.Debug|Any CPU.Build.0 = Debug|Any CPU
		{235327E1-4585-490D-A561-9BD34CC79F47}.Release|Any CPU.ActiveCfg = Release|Any CPU
		{235327E1-4585-490D-A561-9BD34CC79F47}.Release|Any CPU.Build.0 = Release|Any CPU
		{C8190857-F2AF-447F-AA4E-5E005F1EA2C1}.Debug|Any CPU.ActiveCfg = Debug|Any CPU
		{C8190857-F2AF-447F-AA4E-5E005F1EA2C1}.Debug|Any CPU.Build.0 = Debug|Any CPU
		{C8190857-F2AF-447F-AA4E-5E005F1EA2C1}.Release|Any CPU.ActiveCfg = Release|Any CPU
		{C8190857-F2AF-447F-AA4E-5E005F1EA2C1}.Release|Any CPU.Build.0 = Release|Any CPU
	EndGlobalSection
	GlobalSection(SolutionProperties) = preSolution
		HideSolutionNode = FALSE
	EndGlobalSection
	GlobalSection(ExtensibilityGlobals) = postSolution
		SolutionGuid = {7A42D9B7-6003-4166-BFB3-42CF7D6B3E98}
	EndGlobalSection
EndGlobal
